
Microsoft Visual Studio Solution File, Format Version 12.00
# Visual Studio 15
Project("{FAE04EC0-301F-11D3-BF4B-00C04F79EFBC}") = "PatronStrategy", "PatronStrategy\PatronStrategy.csproj", "{B64DB495-C4B4-465F-AEBC-F312858B3CF1}"
EndProject
Project("{FAE04EC0-301F-11D3-BF4B-00C04F79EFBC}") = "PatronStrategyLambda", "PatronStrategyLambda\PatronStrategyLambda.csproj", "{40AE54EF-3695-43A9-ABB7-750AE2051735}"
EndProject
Global
	GlobalSection(SolutionConfigurationPlatforms) = preSolution
		Debug|Any CPU = Debug|Any CPU
		Release|Any CPU = Release|Any CPU
	EndGlobalSection
	GlobalSection(ProjectConfigurationPlatforms) = postSolution
		{B64DB495-C4B4-465F-AEBC-F312858B3CF1}.Debug|Any CPU.ActiveCfg = Debug|Any CPU
		{B64DB495-C4B4-465F-AEBC-F312858B3CF1}.Debug|Any CPU.Build.0 = Debug|Any CPU
		{B64DB495-C4B4-465F-AEBC-F312858B3CF1}.Release|Any CPU.ActiveCfg = Release|Any CPU
		{B64DB495-C4B4-465F-AEBC-F312858B3CF1}.Release|Any CPU.Build.0 = Release|Any CPU
		{40AE54EF-3695-43A9-ABB7-750AE2051735}.Debug|Any CPU.ActiveCfg = Debug|Any CPU
		{40AE54EF-3695-43A9-ABB7-750AE2051735}.Debug|Any CPU.Build.0 = Debug|Any CPU
		{40AE54EF-3695-43A9-ABB7-750AE2051735}.Release|Any CPU.ActiveCfg = Release|Any CPU
		{40AE54EF-3695-43A9-ABB7-750AE2051735}.Release|Any CPU.Build.0 = Release|Any CPU
	EndGlobalSection
EndGlobal
